
Microsoft Visual Studio Solution File, Format Version 12.00
# Visual Studio Version 17
VisualStudioVersion = 17.6.33829.357
MinimumVisualStudioVersion = 10.0.40219.1
Project("{FAE04EC0-301F-11D3-BF4B-00C04F79EFBC}") = "AppBanco", "AppBanco\AppBanco.csproj", "{C518479C-44BE-44DF-9DEE-9394B4198C51}"
EndProject
Global
	GlobalSection(SolutionConfigurationPlatforms) = preSolution
		Debug|Any CPU = Debug|Any CPU
		Release|Any CPU = Release|Any CPU
	EndGlobalSection
	GlobalSection(ProjectConfigurationPlatforms) = postSolution
		{C518479C-44BE-44DF-9DEE-9394B4198C51}.Debug|Any CPU.ActiveCfg = Debug|Any CPU
		{C518479C-44BE-44DF-9DEE-9394B4198C51}.Debug|Any CPU.Build.0 = Debug|Any CPU
		{C518479C-44BE-44DF-9DEE-9394B4198C51}.Release|Any CPU.ActiveCfg = Release|Any CPU
		{C518479C-44BE-44DF-9DEE-9394B4198C51}.Release|Any CPU.Build.0 = Release|Any CPU
	EndGlobalSection
	GlobalSection(SolutionProperties) = preSolution
		HideSolutionNode = FALSE
	EndGlobalSection
	GlobalSection(ExtensibilityGlobals) = postSolution
		SolutionGuid = {1D3CCA47-BA46-406E-8EA2-0CC8FFD68241}
	EndGlobalSection
EndGlobal
